
Microsoft Visual Studio Solution File, Format Version 12.00
# Visual Studio Version 16
VisualStudioVersion = 16.0.29020.237
MinimumVisualStudioVersion = 10.0.40219.1
Project("{FAE04EC0-301F-11D3-BF4B-00C04F79EFBC}") = "HelloWorld", "HelloWorld\HelloWorld.csproj", "{BDDDB4D5-60E3-4D7E-8BD1-5A351267D9A5}"
EndProject
Global
	GlobalSection(SolutionConfigurationPlatforms) = preSolution
		Debug|Any CPU = Debug|Any CPU
		Release|Any CPU = Release|Any CPU
	EndGlobalSection
	GlobalSection(ProjectConfigurationPlatforms) = postSolution
		{BDDDB4D5-60E3-4D7E-8BD1-5A351267D9A5}.Debug|Any CPU.ActiveCfg = Debug|Any CPU
		{BDDDB4D5-60E3-4D7E-8BD1-5A351267D9A5}.Debug|Any CPU.Build.0 = Debug|Any CPU
		{BDDDB4D5-60E3-4D7E-8BD1-5A351267D9A5}.Release|Any CPU.ActiveCfg = Release|Any CPU
		{BDDDB4D5-60E3-4D7E-8BD1-5A351267D9A5}.Release|Any CPU.Build.0 = Release|Any CPU
	EndGlobalSection
	GlobalSection(SolutionProperties) = preSolution
		HideSolutionNode = FALSE
	EndGlobalSection
	GlobalSection(ExtensibilityGlobals) = postSolution
		SolutionGuid = {68223CD8-0506-424B-ADF1-29769916CA85}
	EndGlobalSection
EndGlobal
