
Microsoft Visual Studio Solution File, Format Version 12.00
# Visual Studio Version 16
VisualStudioVersion = 16.0.29020.237
MinimumVisualStudioVersion = 10.0.40219.1
Project("{FAE04EC0-301F-11D3-BF4B-00C04F79EFBC}") = "CS1AlertSystem", "CS1AlertSystem\CS1AlertSystem.csproj", "{5DFDB6F9-B309-4E0F-8A85-B5B7D32331C8}"
EndProject
Global
	GlobalSection(SolutionConfigurationPlatforms) = preSolution
		Debug|Any CPU = Debug|Any CPU
		Release|Any CPU = Release|Any CPU
	EndGlobalSection
	GlobalSection(ProjectConfigurationPlatforms) = postSolution
		{5DFDB6F9-B309-4E0F-8A85-B5B7D32331C8}.Debug|Any CPU.ActiveCfg = Debug|Any CPU
		{5DFDB6F9-B309-4E0F-8A85-B5B7D32331C8}.Debug|Any CPU.Build.0 = Debug|Any CPU
		{5DFDB6F9-B309-4E0F-8A85-B5B7D32331C8}.Release|Any CPU.ActiveCfg = Release|Any CPU
		{5DFDB6F9-B309-4E0F-8A85-B5B7D32331C8}.Release|Any CPU.Build.0 = Release|Any CPU
	EndGlobalSection
	GlobalSection(SolutionProperties) = preSolution
		HideSolutionNode = FALSE
	EndGlobalSection
	GlobalSection(ExtensibilityGlobals) = postSolution
		SolutionGuid = {B1D17470-D656-4C0C-993F-C88920214AB6}
	EndGlobalSection
EndGlobal
