
Microsoft Visual Studio Solution File, Format Version 12.00
# Visual Studio Version 16
VisualStudioVersion = 16.0.29020.237
MinimumVisualStudioVersion = 10.0.40219.1
Project("{FAE04EC0-301F-11D3-BF4B-00C04F79EFBC}") = "AlertSystemClient", "AlertSystemClient\AlertSystemClient.csproj", "{8C92E89A-2D3B-4913-8FFC-1C38FFF3E938}"
EndProject
Project("{FAE04EC0-301F-11D3-BF4B-00C04F79EFBC}") = "AlertSystemClient.Tests", "AlertSystemClient.Tests\AlertSystemClient.Tests.csproj", "{80AB6655-8A66-48F2-926A-3FFB39EE0707}"
EndProject
Global
	GlobalSection(SolutionConfigurationPlatforms) = preSolution
		Debug|Any CPU = Debug|Any CPU
		Release|Any CPU = Release|Any CPU
	EndGlobalSection
	GlobalSection(ProjectConfigurationPlatforms) = postSolution
		{8C92E89A-2D3B-4913-8FFC-1C38FFF3E938}.Debug|Any CPU.ActiveCfg = Debug|Any CPU
		{8C92E89A-2D3B-4913-8FFC-1C38FFF3E938}.Debug|Any CPU.Build.0 = Debug|Any CPU
		{8C92E89A-2D3B-4913-8FFC-1C38FFF3E938}.Release|Any CPU.ActiveCfg = Release|Any CPU
		{8C92E89A-2D3B-4913-8FFC-1C38FFF3E938}.Release|Any CPU.Build.0 = Release|Any CPU
		{80AB6655-8A66-48F2-926A-3FFB39EE0707}.Debug|Any CPU.ActiveCfg = Debug|Any CPU
		{80AB6655-8A66-48F2-926A-3FFB39EE0707}.Debug|Any CPU.Build.0 = Debug|Any CPU
		{80AB6655-8A66-48F2-926A-3FFB39EE0707}.Release|Any CPU.ActiveCfg = Release|Any CPU
		{80AB6655-8A66-48F2-926A-3FFB39EE0707}.Release|Any CPU.Build.0 = Release|Any CPU
	EndGlobalSection
	GlobalSection(SolutionProperties) = preSolution
		HideSolutionNode = FALSE
	EndGlobalSection
	GlobalSection(ExtensibilityGlobals) = postSolution
		SolutionGuid = {AB64C9E6-DA9C-4B38-8D9C-E9030B7569B6}
	EndGlobalSection
EndGlobal
